// !$*UTF8*$!
{
	archiveVersion = 1;
	classes = {
	};
	objectVersion = 48;
	objects = {

/* Begin PBXBuildFile section */
		6C48D68E20A5449C006486AD /* DSFeaturedHorizontalTableViewCell.swift in Sources */ = {isa = PBXBuildFile; fileRef = 6C48D68D20A5449C006486AD /* DSFeaturedHorizontalTableViewCell.swift */; };
		6C62D62D20A36919008C06E3 /* tabbar.storyboard in Resources */ = {isa = PBXBuildFile; fileRef = 6C62D62C20A36919008C06E3 /* tabbar.storyboard */; };
		6C62D62F20A36DB1008C06E3 /* browse.storyboard in Resources */ = {isa = PBXBuildFile; fileRef = 6C62D62E20A36DB1008C06E3 /* browse.storyboard */; };
		6C62D63120A36DBE008C06E3 /* categories.storyboard in Resources */ = {isa = PBXBuildFile; fileRef = 6C62D63020A36DBE008C06E3 /* categories.storyboard */; };
		6C62D63320A37061008C06E3 /* DSHomeTabBarController.swift in Sources */ = {isa = PBXBuildFile; fileRef = 6C62D63220A37061008C06E3 /* DSHomeTabBarController.swift */; };
		6C62D63520A3728F008C06E3 /* DSBrowseViewController.swift in Sources */ = {isa = PBXBuildFile; fileRef = 6C62D63420A3728F008C06E3 /* DSBrowseViewController.swift */; };
		6C62D63820A3E2A6008C06E3 /* DSTabBarBaseNavigationViewController.swift in Sources */ = {isa = PBXBuildFile; fileRef = 6C62D63720A3E2A6008C06E3 /* DSTabBarBaseNavigationViewController.swift */; };
		6C62D64320A3FDA0008C06E3 /* DSHorizontalBaseTableViewCell.swift in Sources */ = {isa = PBXBuildFile; fileRef = 6C62D64220A3FDA0008C06E3 /* DSHorizontalBaseTableViewCell.swift */; };
		6C62D64420A3FDA0008C06E3 /* DSHorizontalBaseTableViewCell.swift in Sources */ = {isa = PBXBuildFile; fileRef = 6C62D64220A3FDA0008C06E3 /* DSHorizontalBaseTableViewCell.swift */; };
		6C62D65220A47E4E008C06E3 /* Haneke.framework in Frameworks */ = {isa = PBXBuildFile; fileRef = 6C62D65120A47E4E008C06E3 /* Haneke.framework */; };
		6C7E120D20A34CBF00A7BE1C /* splash.storyboard in Resources */ = {isa = PBXBuildFile; fileRef = 6C7E120C20A34CBF00A7BE1C /* splash.storyboard */; };
		6C7E121120A34D6000A7BE1C /* DSSplashViewController.swift in Sources */ = {isa = PBXBuildFile; fileRef = 6C7E121020A34D6000A7BE1C /* DSSplashViewController.swift */; };
		EA22B71120A9CADE000A35CF /* DSHorizontalBaseCollectionViewCell.swift in Sources */ = {isa = PBXBuildFile; fileRef = EA22B70F20A9CADE000A35CF /* DSHorizontalBaseCollectionViewCell.swift */; };
		EA22B71220A9CADE000A35CF /* DSHorizontalBaseCollectionViewCell.xib in Resources */ = {isa = PBXBuildFile; fileRef = EA22B71020A9CADE000A35CF /* DSHorizontalBaseCollectionViewCell.xib */; };
		EA22B71320A9CB59000A35CF /* DSHorizontalBaseCollectionViewCell.swift in Sources */ = {isa = PBXBuildFile; fileRef = EA22B70F20A9CADE000A35CF /* DSHorizontalBaseCollectionViewCell.swift */; };
		EA22B71720A9D9DD000A35CF /* DSHorizontalBaseTableViewCell.xib in Resources */ = {isa = PBXBuildFile; fileRef = EA22B71620A9D9DD000A35CF /* DSHorizontalBaseTableViewCell.xib */; };
		EA22B71B20AABA6D000A35CF /* DSCategoriesCollectionViewCell.swift in Sources */ = {isa = PBXBuildFile; fileRef = EA22B71920AABA6D000A35CF /* DSCategoriesCollectionViewCell.swift */; };
		EA22B71C20AABA6D000A35CF /* DSCategoriesCollectionViewCell.xib in Resources */ = {isa = PBXBuildFile; fileRef = EA22B71A20AABA6D000A35CF /* DSCategoriesCollectionViewCell.xib */; };
		EA62255A20A96E9D00D4CC10 /* DotstudioUI.framework in Frameworks */ = {isa = PBXBuildFile; fileRef = EC755EE020A190BC00AE8EAE /* DotstudioUI.framework */; };
		EAA9370820A4992C0031BB9B /* Haneke.framework in Frameworks */ = {isa = PBXBuildFile; fileRef = EAA9370720A4992B0031BB9B /* Haneke.framework */; };
		EAAAFEF720A450E20071ADD4 /* tabbar.storyboard in Resources */ = {isa = PBXBuildFile; fileRef = EAAAFEF620A450E20071ADD4 /* tabbar.storyboard */; };
		EAAAFEF920A4555C0071ADD4 /* browse.storyboard in Resources */ = {isa = PBXBuildFile; fileRef = EAAAFEF820A4555C0071ADD4 /* browse.storyboard */; };
		EAAAFEFB20A456090071ADD4 /* categories.storyboard in Resources */ = {isa = PBXBuildFile; fileRef = EAAAFEFA20A456090071ADD4 /* categories.storyboard */; };
		EAAAFEFC20A45D180071ADD4 /* DSSplashViewController.swift in Sources */ = {isa = PBXBuildFile; fileRef = 6C7E121020A34D6000A7BE1C /* DSSplashViewController.swift */; };
		EAAAFEFD20A45D1B0071ADD4 /* DSHomeTabBarController.swift in Sources */ = {isa = PBXBuildFile; fileRef = 6C62D63220A37061008C06E3 /* DSHomeTabBarController.swift */; };
		EAAAFEFE20A45D1E0071ADD4 /* DSBrowseViewController.swift in Sources */ = {isa = PBXBuildFile; fileRef = 6C62D63420A3728F008C06E3 /* DSBrowseViewController.swift */; };
		EAAAFEFF20A45D270071ADD4 /* DSTabBarBaseNavigationViewController.swift in Sources */ = {isa = PBXBuildFile; fileRef = 6C62D63720A3E2A6008C06E3 /* DSTabBarBaseNavigationViewController.swift */; };
		EAEFBE3E20A422C8000770BB /* splash.storyboard in Resources */ = {isa = PBXBuildFile; fileRef = EAEFBE3D20A422C8000770BB /* splash.storyboard */; };
		EC755ECE20A1899B00AE8EAE /* AppDelegate.swift in Sources */ = {isa = PBXBuildFile; fileRef = EC755ECD20A1899B00AE8EAE /* AppDelegate.swift */; };
		EC755ED020A1899B00AE8EAE /* ViewController.swift in Sources */ = {isa = PBXBuildFile; fileRef = EC755ECF20A1899B00AE8EAE /* ViewController.swift */; };
		EC755ED320A1899B00AE8EAE /* Main.storyboard in Resources */ = {isa = PBXBuildFile; fileRef = EC755ED120A1899B00AE8EAE /* Main.storyboard */; };
		EC755ED520A1899B00AE8EAE /* Assets.xcassets in Resources */ = {isa = PBXBuildFile; fileRef = EC755ED420A1899B00AE8EAE /* Assets.xcassets */; };
		EC755ED820A1899B00AE8EAE /* LaunchScreen.storyboard in Resources */ = {isa = PBXBuildFile; fileRef = EC755ED620A1899B00AE8EAE /* LaunchScreen.storyboard */; };
		EC755EF720A1B03600AE8EAE /* AppDelegate.swift in Sources */ = {isa = PBXBuildFile; fileRef = EC755EF620A1B03600AE8EAE /* AppDelegate.swift */; };
		EC755EF920A1B03600AE8EAE /* ViewController.swift in Sources */ = {isa = PBXBuildFile; fileRef = EC755EF820A1B03600AE8EAE /* ViewController.swift */; };
		EC755EFC20A1B03600AE8EAE /* Main.storyboard in Resources */ = {isa = PBXBuildFile; fileRef = EC755EFA20A1B03600AE8EAE /* Main.storyboard */; };
		EC755EFE20A1B03600AE8EAE /* Assets.xcassets in Resources */ = {isa = PBXBuildFile; fileRef = EC755EFD20A1B03600AE8EAE /* Assets.xcassets */; };
		EC755F3A20A1EAB100AE8EAE /* Alamofire.framework in Frameworks */ = {isa = PBXBuildFile; fileRef = EC755EE220A190BD00AE8EAE /* Alamofire.framework */; };
		EC755F3B20A1EAB100AE8EAE /* DotstudioAPI.framework in Frameworks */ = {isa = PBXBuildFile; fileRef = EC755EE120A190BC00AE8EAE /* DotstudioAPI.framework */; };
		EC755F4720A1EAB200AE8EAE /* FBSDKLoginKit.framework in Frameworks */ = {isa = PBXBuildFile; fileRef = EC755F3D20A1EAB100AE8EAE /* FBSDKLoginKit.framework */; };
		EC755F4820A1EAB200AE8EAE /* FBSDKPlacesKit.framework in Frameworks */ = {isa = PBXBuildFile; fileRef = EC755F3E20A1EAB100AE8EAE /* FBSDKPlacesKit.framework */; };
		EC755F4920A1EAB200AE8EAE /* FacebookLogin.framework in Frameworks */ = {isa = PBXBuildFile; fileRef = EC755F3F20A1EAB100AE8EAE /* FacebookLogin.framework */; };
		EC755F4A20A1EAB200AE8EAE /* FacebookShare.framework in Frameworks */ = {isa = PBXBuildFile; fileRef = EC755F4020A1EAB100AE8EAE /* FacebookShare.framework */; };
		EC755F4B20A1EAB200AE8EAE /* SimpleKeychain.framework in Frameworks */ = {isa = PBXBuildFile; fileRef = EC755F4120A1EAB200AE8EAE /* SimpleKeychain.framework */; };
		EC755F4C20A1EAB200AE8EAE /* FacebookCore.framework in Frameworks */ = {isa = PBXBuildFile; fileRef = EC755F4220A1EAB200AE8EAE /* FacebookCore.framework */; };
		EC755F4D20A1EAB200AE8EAE /* Bolts.framework in Frameworks */ = {isa = PBXBuildFile; fileRef = EC755F4320A1EAB200AE8EAE /* Bolts.framework */; };
		EC755F4E20A1EAB200AE8EAE /* Auth0.framework in Frameworks */ = {isa = PBXBuildFile; fileRef = EC755F4420A1EAB200AE8EAE /* Auth0.framework */; };
		EC755F4F20A1EAB200AE8EAE /* FBSDKCoreKit.framework in Frameworks */ = {isa = PBXBuildFile; fileRef = EC755F4520A1EAB200AE8EAE /* FBSDKCoreKit.framework */; };
		EC755F5020A1EAB200AE8EAE /* FBSDKShareKit.framework in Frameworks */ = {isa = PBXBuildFile; fileRef = EC755F4620A1EAB200AE8EAE /* FBSDKShareKit.framework */; };
		EC755F5B20A1EAC900AE8EAE /* Alamofire.framework in Frameworks */ = {isa = PBXBuildFile; fileRef = EC755F5120A1EAC800AE8EAE /* Alamofire.framework */; };
		EC755F5C20A1EAC900AE8EAE /* FBSDKShareKit.framework in Frameworks */ = {isa = PBXBuildFile; fileRef = EC755F5220A1EAC900AE8EAE /* FBSDKShareKit.framework */; };
		EC755F5D20A1EAC900AE8EAE /* DotstudioUI.framework in Frameworks */ = {isa = PBXBuildFile; fileRef = EC755F5320A1EAC900AE8EAE /* DotstudioUI.framework */; };
		EC755F5E20A1EAC900AE8EAE /* FBSDKCoreKit.framework in Frameworks */ = {isa = PBXBuildFile; fileRef = EC755F5420A1EAC900AE8EAE /* FBSDKCoreKit.framework */; };
		EC755F5F20A1EAC900AE8EAE /* SimpleKeychain.framework in Frameworks */ = {isa = PBXBuildFile; fileRef = EC755F5520A1EAC900AE8EAE /* SimpleKeychain.framework */; };
		EC755F6020A1EAC900AE8EAE /* FBSDKLoginKit.framework in Frameworks */ = {isa = PBXBuildFile; fileRef = EC755F5620A1EAC900AE8EAE /* FBSDKLoginKit.framework */; };
		EC755F6120A1EAC900AE8EAE /* DotstudioAPI.framework in Frameworks */ = {isa = PBXBuildFile; fileRef = EC755F5720A1EAC900AE8EAE /* DotstudioAPI.framework */; };
		EC755F6220A1EAC900AE8EAE /* Bolts.framework in Frameworks */ = {isa = PBXBuildFile; fileRef = EC755F5820A1EAC900AE8EAE /* Bolts.framework */; };
		EC755F6320A1EAC900AE8EAE /* FBSDKTVOSKit.framework in Frameworks */ = {isa = PBXBuildFile; fileRef = EC755F5920A1EAC900AE8EAE /* FBSDKTVOSKit.framework */; };
		EC755F6420A1EAC900AE8EAE /* Auth0.framework in Frameworks */ = {isa = PBXBuildFile; fileRef = EC755F5A20A1EAC900AE8EAE /* Auth0.framework */; };
/* End PBXBuildFile section */

/* Begin PBXFileReference section */
		6C48D68D20A5449C006486AD /* DSFeaturedHorizontalTableViewCell.swift */ = {isa = PBXFileReference; lastKnownFileType = sourcecode.swift; path = DSFeaturedHorizontalTableViewCell.swift; sourceTree = "<group>"; };
		6C62D62C20A36919008C06E3 /* tabbar.storyboard */ = {isa = PBXFileReference; lastKnownFileType = file.storyboard; path = tabbar.storyboard; sourceTree = "<group>"; };
		6C62D62E20A36DB1008C06E3 /* browse.storyboard */ = {isa = PBXFileReference; lastKnownFileType = file.storyboard; path = browse.storyboard; sourceTree = "<group>"; };
		6C62D63020A36DBE008C06E3 /* categories.storyboard */ = {isa = PBXFileReference; lastKnownFileType = file.storyboard; path = categories.storyboard; sourceTree = "<group>"; };
		6C62D63220A37061008C06E3 /* DSHomeTabBarController.swift */ = {isa = PBXFileReference; lastKnownFileType = sourcecode.swift; path = DSHomeTabBarController.swift; sourceTree = "<group>"; };
		6C62D63420A3728F008C06E3 /* DSBrowseViewController.swift */ = {isa = PBXFileReference; lastKnownFileType = sourcecode.swift; path = DSBrowseViewController.swift; sourceTree = "<group>"; };
		6C62D63720A3E2A6008C06E3 /* DSTabBarBaseNavigationViewController.swift */ = {isa = PBXFileReference; lastKnownFileType = sourcecode.swift; path = DSTabBarBaseNavigationViewController.swift; sourceTree = "<group>"; };
		6C62D64220A3FDA0008C06E3 /* DSHorizontalBaseTableViewCell.swift */ = {isa = PBXFileReference; lastKnownFileType = sourcecode.swift; path = DSHorizontalBaseTableViewCell.swift; sourceTree = "<group>"; };
		6C62D65120A47E4E008C06E3 /* Haneke.framework */ = {isa = PBXFileReference; lastKnownFileType = wrapper.framework; name = Haneke.framework; path = Carthage/Build/iOS/Haneke.framework; sourceTree = "<group>"; };
		6C7E120C20A34CBF00A7BE1C /* splash.storyboard */ = {isa = PBXFileReference; lastKnownFileType = file.storyboard; path = splash.storyboard; sourceTree = "<group>"; };
		6C7E121020A34D6000A7BE1C /* DSSplashViewController.swift */ = {isa = PBXFileReference; lastKnownFileType = sourcecode.swift; path = DSSplashViewController.swift; sourceTree = "<group>"; };
		EA22B70F20A9CADE000A35CF /* DSHorizontalBaseCollectionViewCell.swift */ = {isa = PBXFileReference; lastKnownFileType = sourcecode.swift; path = DSHorizontalBaseCollectionViewCell.swift; sourceTree = "<group>"; };
		EA22B71020A9CADE000A35CF /* DSHorizontalBaseCollectionViewCell.xib */ = {isa = PBXFileReference; lastKnownFileType = file.xib; path = DSHorizontalBaseCollectionViewCell.xib; sourceTree = "<group>"; };
		EA22B71620A9D9DD000A35CF /* DSHorizontalBaseTableViewCell.xib */ = {isa = PBXFileReference; fileEncoding = 4; lastKnownFileType = file.xib; path = DSHorizontalBaseTableViewCell.xib; sourceTree = "<group>"; };
		EA22B71920AABA6D000A35CF /* DSCategoriesCollectionViewCell.swift */ = {isa = PBXFileReference; lastKnownFileType = sourcecode.swift; path = DSCategoriesCollectionViewCell.swift; sourceTree = "<group>"; };
		EA22B71A20AABA6D000A35CF /* DSCategoriesCollectionViewCell.xib */ = {isa = PBXFileReference; lastKnownFileType = file.xib; path = DSCategoriesCollectionViewCell.xib; sourceTree = "<group>"; };
		EAA9370720A4992B0031BB9B /* Haneke.framework */ = {isa = PBXFileReference; lastKnownFileType = wrapper.framework; name = Haneke.framework; path = Carthage/Build/tvOS/Haneke.framework; sourceTree = "<group>"; };
		EAAAFEF620A450E20071ADD4 /* tabbar.storyboard */ = {isa = PBXFileReference; lastKnownFileType = file.storyboard; path = tabbar.storyboard; sourceTree = "<group>"; };
		EAAAFEF820A4555C0071ADD4 /* browse.storyboard */ = {isa = PBXFileReference; lastKnownFileType = file.storyboard; path = browse.storyboard; sourceTree = "<group>"; };
		EAAAFEFA20A456090071ADD4 /* categories.storyboard */ = {isa = PBXFileReference; lastKnownFileType = file.storyboard; path = categories.storyboard; sourceTree = "<group>"; };
		EAEFBE3D20A422C8000770BB /* splash.storyboard */ = {isa = PBXFileReference; lastKnownFileType = file.storyboard; path = splash.storyboard; sourceTree = "<group>"; };
		EC755ECA20A1899B00AE8EAE /* DotstudioSampleApp.app */ = {isa = PBXFileReference; explicitFileType = wrapper.application; includeInIndex = 0; path = DotstudioSampleApp.app; sourceTree = BUILT_PRODUCTS_DIR; };
		EC755ECD20A1899B00AE8EAE /* AppDelegate.swift */ = {isa = PBXFileReference; lastKnownFileType = sourcecode.swift; path = AppDelegate.swift; sourceTree = "<group>"; };
		EC755ECF20A1899B00AE8EAE /* ViewController.swift */ = {isa = PBXFileReference; lastKnownFileType = sourcecode.swift; path = ViewController.swift; sourceTree = "<group>"; };
		EC755ED220A1899B00AE8EAE /* Base */ = {isa = PBXFileReference; lastKnownFileType = file.storyboard; name = Base; path = Base.lproj/Main.storyboard; sourceTree = "<group>"; };
		EC755ED420A1899B00AE8EAE /* Assets.xcassets */ = {isa = PBXFileReference; lastKnownFileType = folder.assetcatalog; path = Assets.xcassets; sourceTree = "<group>"; };
		EC755ED720A1899B00AE8EAE /* Base */ = {isa = PBXFileReference; lastKnownFileType = file.storyboard; name = Base; path = Base.lproj/LaunchScreen.storyboard; sourceTree = "<group>"; };
		EC755ED920A1899B00AE8EAE /* Info.plist */ = {isa = PBXFileReference; lastKnownFileType = text.plist.xml; path = Info.plist; sourceTree = "<group>"; };
		EC755EE020A190BC00AE8EAE /* DotstudioUI.framework */ = {isa = PBXFileReference; lastKnownFileType = wrapper.framework; name = DotstudioUI.framework; path = Carthage/Build/iOS/DotstudioUI.framework; sourceTree = "<group>"; };
		EC755EE120A190BC00AE8EAE /* DotstudioAPI.framework */ = {isa = PBXFileReference; lastKnownFileType = wrapper.framework; name = DotstudioAPI.framework; path = Carthage/Build/iOS/DotstudioAPI.framework; sourceTree = "<group>"; };
		EC755EE220A190BD00AE8EAE /* Alamofire.framework */ = {isa = PBXFileReference; lastKnownFileType = wrapper.framework; name = Alamofire.framework; path = Carthage/Build/iOS/Alamofire.framework; sourceTree = "<group>"; };
		EC755EF420A1B03600AE8EAE /* DotstudioSampleApp.app */ = {isa = PBXFileReference; explicitFileType = wrapper.application; includeInIndex = 0; path = DotstudioSampleApp.app; sourceTree = BUILT_PRODUCTS_DIR; };
		EC755EF620A1B03600AE8EAE /* AppDelegate.swift */ = {isa = PBXFileReference; lastKnownFileType = sourcecode.swift; path = AppDelegate.swift; sourceTree = "<group>"; };
		EC755EF820A1B03600AE8EAE /* ViewController.swift */ = {isa = PBXFileReference; lastKnownFileType = sourcecode.swift; path = ViewController.swift; sourceTree = "<group>"; };
		EC755EFB20A1B03600AE8EAE /* Base */ = {isa = PBXFileReference; lastKnownFileType = file.storyboard; name = Base; path = Base.lproj/Main.storyboard; sourceTree = "<group>"; };
		EC755EFD20A1B03600AE8EAE /* Assets.xcassets */ = {isa = PBXFileReference; lastKnownFileType = folder.assetcatalog; path = Assets.xcassets; sourceTree = "<group>"; };
		EC755EFF20A1B03600AE8EAE /* Info.plist */ = {isa = PBXFileReference; lastKnownFileType = text.plist.xml; path = Info.plist; sourceTree = "<group>"; };
		EC755F3D20A1EAB100AE8EAE /* FBSDKLoginKit.framework */ = {isa = PBXFileReference; lastKnownFileType = wrapper.framework; name = FBSDKLoginKit.framework; path = Carthage/Build/iOS/FBSDKLoginKit.framework; sourceTree = "<group>"; };
		EC755F3E20A1EAB100AE8EAE /* FBSDKPlacesKit.framework */ = {isa = PBXFileReference; lastKnownFileType = wrapper.framework; name = FBSDKPlacesKit.framework; path = Carthage/Build/iOS/FBSDKPlacesKit.framework; sourceTree = "<group>"; };
		EC755F3F20A1EAB100AE8EAE /* FacebookLogin.framework */ = {isa = PBXFileReference; lastKnownFileType = wrapper.framework; name = FacebookLogin.framework; path = Carthage/Build/iOS/FacebookLogin.framework; sourceTree = "<group>"; };
		EC755F4020A1EAB100AE8EAE /* FacebookShare.framework */ = {isa = PBXFileReference; lastKnownFileType = wrapper.framework; name = FacebookShare.framework; path = Carthage/Build/iOS/FacebookShare.framework; sourceTree = "<group>"; };
		EC755F4120A1EAB200AE8EAE /* SimpleKeychain.framework */ = {isa = PBXFileReference; lastKnownFileType = wrapper.framework; name = SimpleKeychain.framework; path = Carthage/Build/iOS/SimpleKeychain.framework; sourceTree = "<group>"; };
		EC755F4220A1EAB200AE8EAE /* FacebookCore.framework */ = {isa = PBXFileReference; lastKnownFileType = wrapper.framework; name = FacebookCore.framework; path = Carthage/Build/iOS/FacebookCore.framework; sourceTree = "<group>"; };
		EC755F4320A1EAB200AE8EAE /* Bolts.framework */ = {isa = PBXFileReference; lastKnownFileType = wrapper.framework; name = Bolts.framework; path = Carthage/Build/iOS/Bolts.framework; sourceTree = "<group>"; };
		EC755F4420A1EAB200AE8EAE /* Auth0.framework */ = {isa = PBXFileReference; lastKnownFileType = wrapper.framework; name = Auth0.framework; path = Carthage/Build/iOS/Auth0.framework; sourceTree = "<group>"; };
		EC755F4520A1EAB200AE8EAE /* FBSDKCoreKit.framework */ = {isa = PBXFileReference; lastKnownFileType = wrapper.framework; name = FBSDKCoreKit.framework; path = Carthage/Build/iOS/FBSDKCoreKit.framework; sourceTree = "<group>"; };
		EC755F4620A1EAB200AE8EAE /* FBSDKShareKit.framework */ = {isa = PBXFileReference; lastKnownFileType = wrapper.framework; name = FBSDKShareKit.framework; path = Carthage/Build/iOS/FBSDKShareKit.framework; sourceTree = "<group>"; };
		EC755F5120A1EAC800AE8EAE /* Alamofire.framework */ = {isa = PBXFileReference; lastKnownFileType = wrapper.framework; name = Alamofire.framework; path = Carthage/Build/tvOS/Alamofire.framework; sourceTree = "<group>"; };
		EC755F5220A1EAC900AE8EAE /* FBSDKShareKit.framework */ = {isa = PBXFileReference; lastKnownFileType = wrapper.framework; name = FBSDKShareKit.framework; path = Carthage/Build/tvOS/FBSDKShareKit.framework; sourceTree = "<group>"; };
		EC755F5320A1EAC900AE8EAE /* DotstudioUI.framework */ = {isa = PBXFileReference; lastKnownFileType = wrapper.framework; name = DotstudioUI.framework; path = Carthage/Build/tvOS/DotstudioUI.framework; sourceTree = "<group>"; };
		EC755F5420A1EAC900AE8EAE /* FBSDKCoreKit.framework */ = {isa = PBXFileReference; lastKnownFileType = wrapper.framework; name = FBSDKCoreKit.framework; path = Carthage/Build/tvOS/FBSDKCoreKit.framework; sourceTree = "<group>"; };
		EC755F5520A1EAC900AE8EAE /* SimpleKeychain.framework */ = {isa = PBXFileReference; lastKnownFileType = wrapper.framework; name = SimpleKeychain.framework; path = Carthage/Build/tvOS/SimpleKeychain.framework; sourceTree = "<group>"; };
		EC755F5620A1EAC900AE8EAE /* FBSDKLoginKit.framework */ = {isa = PBXFileReference; lastKnownFileType = wrapper.framework; name = FBSDKLoginKit.framework; path = Carthage/Build/tvOS/FBSDKLoginKit.framework; sourceTree = "<group>"; };
		EC755F5720A1EAC900AE8EAE /* DotstudioAPI.framework */ = {isa = PBXFileReference; lastKnownFileType = wrapper.framework; name = DotstudioAPI.framework; path = Carthage/Build/tvOS/DotstudioAPI.framework; sourceTree = "<group>"; };
		EC755F5820A1EAC900AE8EAE /* Bolts.framework */ = {isa = PBXFileReference; lastKnownFileType = wrapper.framework; name = Bolts.framework; path = Carthage/Build/tvOS/Bolts.framework; sourceTree = "<group>"; };
		EC755F5920A1EAC900AE8EAE /* FBSDKTVOSKit.framework */ = {isa = PBXFileReference; lastKnownFileType = wrapper.framework; name = FBSDKTVOSKit.framework; path = Carthage/Build/tvOS/FBSDKTVOSKit.framework; sourceTree = "<group>"; };
		EC755F5A20A1EAC900AE8EAE /* Auth0.framework */ = {isa = PBXFileReference; lastKnownFileType = wrapper.framework; name = Auth0.framework; path = Carthage/Build/tvOS/Auth0.framework; sourceTree = "<group>"; };
/* End PBXFileReference section */

/* Begin PBXFrameworksBuildPhase section */
		EC755EC720A1899B00AE8EAE /* Frameworks */ = {
			isa = PBXFrameworksBuildPhase;
			buildActionMask = 2147483647;
			files = (
				6C62D65220A47E4E008C06E3 /* Haneke.framework in Frameworks */,
				EC755F4720A1EAB200AE8EAE /* FBSDKLoginKit.framework in Frameworks */,
				EC755F4820A1EAB200AE8EAE /* FBSDKPlacesKit.framework in Frameworks */,
				EC755F4920A1EAB200AE8EAE /* FacebookLogin.framework in Frameworks */,
				EC755F4A20A1EAB200AE8EAE /* FacebookShare.framework in Frameworks */,
				EC755F4B20A1EAB200AE8EAE /* SimpleKeychain.framework in Frameworks */,
				EC755F4C20A1EAB200AE8EAE /* FacebookCore.framework in Frameworks */,
				EC755F4D20A1EAB200AE8EAE /* Bolts.framework in Frameworks */,
				EC755F4E20A1EAB200AE8EAE /* Auth0.framework in Frameworks */,
				EC755F4F20A1EAB200AE8EAE /* FBSDKCoreKit.framework in Frameworks */,
				EC755F5020A1EAB200AE8EAE /* FBSDKShareKit.framework in Frameworks */,
				EC755F3A20A1EAB100AE8EAE /* Alamofire.framework in Frameworks */,
				EC755F3B20A1EAB100AE8EAE /* DotstudioAPI.framework in Frameworks */,
				EA62255A20A96E9D00D4CC10 /* DotstudioUI.framework in Frameworks */,
			);
			runOnlyForDeploymentPostprocessing = 0;
		};
		EC755EF120A1B03600AE8EAE /* Frameworks */ = {
			isa = PBXFrameworksBuildPhase;
			buildActionMask = 2147483647;
			files = (
				EC755F5B20A1EAC900AE8EAE /* Alamofire.framework in Frameworks */,
				EC755F5C20A1EAC900AE8EAE /* FBSDKShareKit.framework in Frameworks */,
				EC755F5D20A1EAC900AE8EAE /* DotstudioUI.framework in Frameworks */,
				EC755F5E20A1EAC900AE8EAE /* FBSDKCoreKit.framework in Frameworks */,
				EAA9370820A4992C0031BB9B /* Haneke.framework in Frameworks */,
				EC755F5F20A1EAC900AE8EAE /* SimpleKeychain.framework in Frameworks */,
				EC755F6020A1EAC900AE8EAE /* FBSDKLoginKit.framework in Frameworks */,
				EC755F6120A1EAC900AE8EAE /* DotstudioAPI.framework in Frameworks */,
				EC755F6220A1EAC900AE8EAE /* Bolts.framework in Frameworks */,
				EC755F6320A1EAC900AE8EAE /* FBSDKTVOSKit.framework in Frameworks */,
				EC755F6420A1EAC900AE8EAE /* Auth0.framework in Frameworks */,
			);
			runOnlyForDeploymentPostprocessing = 0;
		};
/* End PBXFrameworksBuildPhase section */

/* Begin PBXGroup section */
		6C62D63620A3E27C008C06E3 /* navigation-controllers */ = {
			isa = PBXGroup;
			children = (
				6C62D63720A3E2A6008C06E3 /* DSTabBarBaseNavigationViewController.swift */,
			);
			path = "navigation-controllers";
			sourceTree = "<group>";
		};
		6C62D64120A3FD93008C06E3 /* cells */ = {
			isa = PBXGroup;
			children = (
				6C62D64220A3FDA0008C06E3 /* DSHorizontalBaseTableViewCell.swift */,
				6C48D68D20A5449C006486AD /* DSFeaturedHorizontalTableViewCell.swift */,
				EA22B70F20A9CADE000A35CF /* DSHorizontalBaseCollectionViewCell.swift */,
				EA22B71920AABA6D000A35CF /* DSCategoriesCollectionViewCell.swift */,
				EA22B71A20AABA6D000A35CF /* DSCategoriesCollectionViewCell.xib */,
			);
			path = cells;
			sourceTree = "<group>";
		};
		6C7E120E20A34D5000A7BE1C /* source */ = {
			isa = PBXGroup;
			children = (
				EA22B72020AAC12A000A35CF /* Configuration */,
				6C62D64120A3FD93008C06E3 /* cells */,
				6C62D63620A3E27C008C06E3 /* navigation-controllers */,
				6C7E120F20A34D5000A7BE1C /* controllers */,
			);
			path = source;
			sourceTree = "<group>";
		};
		6C7E120F20A34D5000A7BE1C /* controllers */ = {
			isa = PBXGroup;
			children = (
				6C7E121020A34D6000A7BE1C /* DSSplashViewController.swift */,
				6C62D63220A37061008C06E3 /* DSHomeTabBarController.swift */,
				6C62D63420A3728F008C06E3 /* DSBrowseViewController.swift */,
			);
			path = controllers;
			sourceTree = "<group>";
		};
		EA22B71820A9DC69000A35CF /* CellXibs */ = {
			isa = PBXGroup;
			children = (
				EA22B71620A9D9DD000A35CF /* DSHorizontalBaseTableViewCell.xib */,
				EA22B71020A9CADE000A35CF /* DSHorizontalBaseCollectionViewCell.xib */,
			);
			path = CellXibs;
			sourceTree = "<group>";
		};
		EA22B72020AAC12A000A35CF /* Configuration */ = {
			isa = PBXGroup;
			children = (
			);
			path = Configuration;
			sourceTree = "<group>";
		};
		EC755EC120A1899B00AE8EAE = {
			isa = PBXGroup;
			children = (
				6C7E120E20A34D5000A7BE1C /* source */,
				EC755ECC20A1899B00AE8EAE /* DotstudioSampleApp-iOS */,
				EC755EF520A1B03600AE8EAE /* DotstudioSampleApp-tvOS */,
				EC755ECB20A1899B00AE8EAE /* Products */,
				EC755EDF20A190BC00AE8EAE /* Frameworks */,
			);
			sourceTree = "<group>";
		};
		EC755ECB20A1899B00AE8EAE /* Products */ = {
			isa = PBXGroup;
			children = (
				EC755ECA20A1899B00AE8EAE /* DotstudioSampleApp.app */,
				EC755EF420A1B03600AE8EAE /* DotstudioSampleApp.app */,
			);
			name = Products;
			sourceTree = "<group>";
		};
		EC755ECC20A1899B00AE8EAE /* DotstudioSampleApp-iOS */ = {
			isa = PBXGroup;
			children = (
				EC755ECD20A1899B00AE8EAE /* AppDelegate.swift */,
				EC755ECF20A1899B00AE8EAE /* ViewController.swift */,
				EC755F0320A1B3D300AE8EAE /* Storyboards */,
				EC755ED420A1899B00AE8EAE /* Assets.xcassets */,
				EC755ED620A1899B00AE8EAE /* LaunchScreen.storyboard */,
				EC755ED920A1899B00AE8EAE /* Info.plist */,
			);
			path = "DotstudioSampleApp-iOS";
			sourceTree = "<group>";
		};
		EC755EDF20A190BC00AE8EAE /* Frameworks */ = {
			isa = PBXGroup;
			children = (
				6C62D65120A47E4E008C06E3 /* Haneke.framework */,
				EAA9370720A4992B0031BB9B /* Haneke.framework */,
				EC755F4420A1EAB200AE8EAE /* Auth0.framework */,
				EC755F5A20A1EAC900AE8EAE /* Auth0.framework */,
				EC755F4320A1EAB200AE8EAE /* Bolts.framework */,
				EC755F5120A1EAC800AE8EAE /* Alamofire.framework */,
				EC755F5820A1EAC900AE8EAE /* Bolts.framework */,
				EC755F5720A1EAC900AE8EAE /* DotstudioAPI.framework */,
				EC755F5320A1EAC900AE8EAE /* DotstudioUI.framework */,
				EC755F5420A1EAC900AE8EAE /* FBSDKCoreKit.framework */,
				EC755F5620A1EAC900AE8EAE /* FBSDKLoginKit.framework */,
				EC755F5220A1EAC900AE8EAE /* FBSDKShareKit.framework */,
				EC755F5920A1EAC900AE8EAE /* FBSDKTVOSKit.framework */,
				EC755F5520A1EAC900AE8EAE /* SimpleKeychain.framework */,
				EC755F4220A1EAB200AE8EAE /* FacebookCore.framework */,
				EC755F3F20A1EAB100AE8EAE /* FacebookLogin.framework */,
				EC755F4020A1EAB100AE8EAE /* FacebookShare.framework */,
				EC755F4520A1EAB200AE8EAE /* FBSDKCoreKit.framework */,
				EC755F3D20A1EAB100AE8EAE /* FBSDKLoginKit.framework */,
				EC755F3E20A1EAB100AE8EAE /* FBSDKPlacesKit.framework */,
				EC755F4620A1EAB200AE8EAE /* FBSDKShareKit.framework */,
				EC755F4120A1EAB200AE8EAE /* SimpleKeychain.framework */,
				EC755EE220A190BD00AE8EAE /* Alamofire.framework */,
				EC755EE120A190BC00AE8EAE /* DotstudioAPI.framework */,
				EC755EE020A190BC00AE8EAE /* DotstudioUI.framework */,
			);
			name = Frameworks;
			sourceTree = "<group>";
		};
		EC755EF520A1B03600AE8EAE /* DotstudioSampleApp-tvOS */ = {
			isa = PBXGroup;
			children = (
				EC755EF620A1B03600AE8EAE /* AppDelegate.swift */,
				EC755EF820A1B03600AE8EAE /* ViewController.swift */,
				EC755F0420A1B3E100AE8EAE /* Storyboards */,
				EC755EFD20A1B03600AE8EAE /* Assets.xcassets */,
				EC755EFF20A1B03600AE8EAE /* Info.plist */,
			);
			path = "DotstudioSampleApp-tvOS";
			sourceTree = "<group>";
		};
		EC755F0320A1B3D300AE8EAE /* Storyboards */ = {
			isa = PBXGroup;
			children = (
				EA22B71820A9DC69000A35CF /* CellXibs */,
				EC755ED120A1899B00AE8EAE /* Main.storyboard */,
				6C7E120C20A34CBF00A7BE1C /* splash.storyboard */,
				6C62D62C20A36919008C06E3 /* tabbar.storyboard */,
				6C62D62E20A36DB1008C06E3 /* browse.storyboard */,
				6C62D63020A36DBE008C06E3 /* categories.storyboard */,
			);
			path = Storyboards;
			sourceTree = "<group>";
		};
		EC755F0420A1B3E100AE8EAE /* Storyboards */ = {
			isa = PBXGroup;
			children = (
				EC755EFA20A1B03600AE8EAE /* Main.storyboard */,
				EAEFBE3D20A422C8000770BB /* splash.storyboard */,
				EAAAFEF620A450E20071ADD4 /* tabbar.storyboard */,
				EAAAFEF820A4555C0071ADD4 /* browse.storyboard */,
				EAAAFEFA20A456090071ADD4 /* categories.storyboard */,
			);
			path = Storyboards;
			sourceTree = "<group>";
		};
/* End PBXGroup section */

/* Begin PBXNativeTarget section */
		EC755EC920A1899B00AE8EAE /* DotstudioSampleApp-iOS */ = {
			isa = PBXNativeTarget;
			buildConfigurationList = EC755EDC20A1899B00AE8EAE /* Build configuration list for PBXNativeTarget "DotstudioSampleApp-iOS" */;
			buildPhases = (
				EC755EC620A1899B00AE8EAE /* Sources */,
				EC755EC720A1899B00AE8EAE /* Frameworks */,
				EC755EC820A1899B00AE8EAE /* Resources */,
				EC755EE620A190D400AE8EAE /* Carthage copy-frameworks Script */,
			);
			buildRules = (
			);
			dependencies = (
			);
			name = "DotstudioSampleApp-iOS";
			productName = "DotstudioSampleApp-Swift";
			productReference = EC755ECA20A1899B00AE8EAE /* DotstudioSampleApp.app */;
			productType = "com.apple.product-type.application";
		};
		EC755EF320A1B03600AE8EAE /* DotstudioSampleApp-tvOS */ = {
			isa = PBXNativeTarget;
			buildConfigurationList = EC755F0020A1B03600AE8EAE /* Build configuration list for PBXNativeTarget "DotstudioSampleApp-tvOS" */;
			buildPhases = (
				EC755EF020A1B03600AE8EAE /* Sources */,
				EC755EF120A1B03600AE8EAE /* Frameworks */,
				EC755EF220A1B03600AE8EAE /* Resources */,
				EAEFBE3F20A4287E000770BB /* Carthage copy-frameworks Script */,
			);
			buildRules = (
			);
			dependencies = (
			);
			name = "DotstudioSampleApp-tvOS";
			productName = "DotstudioSampleApp-tvOS";
			productReference = EC755EF420A1B03600AE8EAE /* DotstudioSampleApp.app */;
			productType = "com.apple.product-type.application";
		};
/* End PBXNativeTarget section */

/* Begin PBXProject section */
		EC755EC220A1899B00AE8EAE /* Project object */ = {
			isa = PBXProject;
			attributes = {
				LastSwiftUpdateCheck = 0900;
				LastUpgradeCheck = 0900;
				ORGANIZATIONNAME = Dotstudioz;
				TargetAttributes = {
					EC755EC920A1899B00AE8EAE = {
						CreatedOnToolsVersion = 9.0;
						ProvisioningStyle = Automatic;
					};
					EC755EF320A1B03600AE8EAE = {
						CreatedOnToolsVersion = 9.0;
						ProvisioningStyle = Automatic;
					};
				};
			};
			buildConfigurationList = EC755EC520A1899B00AE8EAE /* Build configuration list for PBXProject "DotstudioSampleApp" */;
			compatibilityVersion = "Xcode 8.0";
			developmentRegion = en;
			hasScannedForEncodings = 0;
			knownRegions = (
				en,
				Base,
			);
			mainGroup = EC755EC120A1899B00AE8EAE;
			productRefGroup = EC755ECB20A1899B00AE8EAE /* Products */;
			projectDirPath = "";
			projectRoot = "";
			targets = (
				EC755EC920A1899B00AE8EAE /* DotstudioSampleApp-iOS */,
				EC755EF320A1B03600AE8EAE /* DotstudioSampleApp-tvOS */,
			);
		};
/* End PBXProject section */

/* Begin PBXResourcesBuildPhase section */
		EC755EC820A1899B00AE8EAE /* Resources */ = {
			isa = PBXResourcesBuildPhase;
			buildActionMask = 2147483647;
			files = (
				6C62D62D20A36919008C06E3 /* tabbar.storyboard in Resources */,
				EC755ED820A1899B00AE8EAE /* LaunchScreen.storyboard in Resources */,
				EA22B71220A9CADE000A35CF /* DSHorizontalBaseCollectionViewCell.xib in Resources */,
				EC755ED520A1899B00AE8EAE /* Assets.xcassets in Resources */,
				6C62D63120A36DBE008C06E3 /* categories.storyboard in Resources */,
				EC755ED320A1899B00AE8EAE /* Main.storyboard in Resources */,
				EA22B71720A9D9DD000A35CF /* DSHorizontalBaseTableViewCell.xib in Resources */,
				EA22B71C20AABA6D000A35CF /* DSCategoriesCollectionViewCell.xib in Resources */,
				6C62D62F20A36DB1008C06E3 /* browse.storyboard in Resources */,
				6C7E120D20A34CBF00A7BE1C /* splash.storyboard in Resources */,
			);
			runOnlyForDeploymentPostprocessing = 0;
		};
		EC755EF220A1B03600AE8EAE /* Resources */ = {
			isa = PBXResourcesBuildPhase;
			buildActionMask = 2147483647;
			files = (
				EAAAFEFB20A456090071ADD4 /* categories.storyboard in Resources */,
				EAAAFEF720A450E20071ADD4 /* tabbar.storyboard in Resources */,
				EAAAFEF920A4555C0071ADD4 /* browse.storyboard in Resources */,
				EAEFBE3E20A422C8000770BB /* splash.storyboard in Resources */,
				EC755EFE20A1B03600AE8EAE /* Assets.xcassets in Resources */,
				EC755EFC20A1B03600AE8EAE /* Main.storyboard in Resources */,
			);
			runOnlyForDeploymentPostprocessing = 0;
		};
/* End PBXResourcesBuildPhase section */

/* Begin PBXShellScriptBuildPhase section */
		EAEFBE3F20A4287E000770BB /* Carthage copy-frameworks Script */ = {
			isa = PBXShellScriptBuildPhase;
			buildActionMask = 2147483647;
			files = (
			);
			inputPaths = (
				"$(SRCROOT)/Carthage/Build/tvOS/Alamofire.framework",
				"$(SRCROOT)/Carthage/Build/tvOS/DotstudioAPI.framework",
				"$(SRCROOT)/Carthage/Build/tvOS/DotstudioUI.framework",
				"$(SRCROOT)/Carthage/Build/tvOS/FBSDKLoginKit.framework",
				"$(SRCROOT)/Carthage/Build/tvOS/FBSDKCoreKit.framework",
				"$(SRCROOT)/Carthage/Build/tvOS/FBSDKShareKit.framework",
				"$(SRCROOT)/Carthage/Build/tvOS/SimpleKeychain.framework",
				"$(SRCROOT)/Carthage/Build/tvOS/Bolts.framework",
				"$(SRCROOT)/Carthage/Build/tvOS/Auth0.framework",
				"$(SRCROOT)/Carthage/Build/tvOS/FBSDKTVOSKit.framework",
				"$(SRCROOT)/Carthage/Build/tvOS/Haneke.framework",
			);
			name = "Carthage copy-frameworks Script";
			outputPaths = (
			);
			runOnlyForDeploymentPostprocessing = 0;
			shellPath = /bin/sh;
			shellScript = "/usr/local/bin/carthage copy-frameworks";
		};
		EC755EE620A190D400AE8EAE /* Carthage copy-frameworks Script */ = {
			isa = PBXShellScriptBuildPhase;
			buildActionMask = 2147483647;
			files = (
			);
			inputPaths = (
				"$(SRCROOT)/Carthage/Build/iOS/Alamofire.framework",
				"$(SRCROOT)/Carthage/Build/iOS/DotstudioAPI.framework",
				"$(SRCROOT)/Carthage/Build/iOS/DotstudioUI.framework",
				"$(SRCROOT)/Carthage/Build/iOS/FBSDKLoginKit.framework",
				"$(SRCROOT)/Carthage/Build/iOS/FacebookLogin.framework",
				"$(SRCROOT)/Carthage/Build/iOS/FacebookCore.framework",
				"$(SRCROOT)/Carthage/Build/iOS/FBSDKPlacesKit.framework",
				"$(SRCROOT)/Carthage/Build/iOS/FBSDKCoreKit.framework",
				"$(SRCROOT)/Carthage/Build/iOS/FBSDKShareKit.framework",
				"$(SRCROOT)/Carthage/Build/iOS/FacebookShare.framework",
				"$(SRCROOT)/Carthage/Build/iOS/SimpleKeychain.framework",
				"$(SRCROOT)/Carthage/Build/iOS/Bolts.framework",
				"$(SRCROOT)/Carthage/Build/iOS/Auth0.framework",
				"$(SRCROOT)/Carthage/Build/iOS/Haneke.framework",
			);
			name = "Carthage copy-frameworks Script";
			outputPaths = (
			);
			runOnlyForDeploymentPostprocessing = 0;
			shellPath = /bin/sh;
			shellScript = "/usr/local/bin/carthage copy-frameworks";
		};
/* End PBXShellScriptBuildPhase section */

/* Begin PBXSourcesBuildPhase section */
		EC755EC620A1899B00AE8EAE /* Sources */ = {
			isa = PBXSourcesBuildPhase;
			buildActionMask = 2147483647;
			files = (
				EC755ED020A1899B00AE8EAE /* ViewController.swift in Sources */,
				EA22B71120A9CADE000A35CF /* DSHorizontalBaseCollectionViewCell.swift in Sources */,
				6C62D63520A3728F008C06E3 /* DSBrowseViewController.swift in Sources */,
				6C62D64320A3FDA0008C06E3 /* DSHorizontalBaseTableViewCell.swift in Sources */,
				6C62D63820A3E2A6008C06E3 /* DSTabBarBaseNavigationViewController.swift in Sources */,
				EA22B71B20AABA6D000A35CF /* DSCategoriesCollectionViewCell.swift in Sources */,
				EC755ECE20A1899B00AE8EAE /* AppDelegate.swift in Sources */,
				6C7E121120A34D6000A7BE1C /* DSSplashViewController.swift in Sources */,
				6C48D68E20A5449C006486AD /* DSFeaturedHorizontalTableViewCell.swift in Sources */,
				6C62D63320A37061008C06E3 /* DSHomeTabBarController.swift in Sources */,
			);
			runOnlyForDeploymentPostprocessing = 0;
		};
		EC755EF020A1B03600AE8EAE /* Sources */ = {
			isa = PBXSourcesBuildPhase;
			buildActionMask = 2147483647;
			files = (
				EAAAFEFC20A45D180071ADD4 /* DSSplashViewController.swift in Sources */,
				EAAAFEFE20A45D1E0071ADD4 /* DSBrowseViewController.swift in Sources */,
				EC755EF920A1B03600AE8EAE /* ViewController.swift in Sources */,
				6C62D64420A3FDA0008C06E3 /* DSHorizontalBaseTableViewCell.swift in Sources */,
				EC755EF720A1B03600AE8EAE /* AppDelegate.swift in Sources */,
				EAAAFEFD20A45D1B0071ADD4 /* DSHomeTabBarController.swift in Sources */,
				EA22B71320A9CB59000A35CF /* DSHorizontalBaseCollectionViewCell.swift in Sources */,
				EAAAFEFF20A45D270071ADD4 /* DSTabBarBaseNavigationViewController.swift in Sources */,
			);
			runOnlyForDeploymentPostprocessing = 0;
		};
/* End PBXSourcesBuildPhase section */

/* Begin PBXVariantGroup section */
		EC755ED120A1899B00AE8EAE /* Main.storyboard */ = {
			isa = PBXVariantGroup;
			children = (
				EC755ED220A1899B00AE8EAE /* Base */,
			);
			name = Main.storyboard;
			sourceTree = "<group>";
		};
		EC755ED620A1899B00AE8EAE /* LaunchScreen.storyboard */ = {
			isa = PBXVariantGroup;
			children = (
				EC755ED720A1899B00AE8EAE /* Base */,
			);
			name = LaunchScreen.storyboard;
			sourceTree = "<group>";
		};
		EC755EFA20A1B03600AE8EAE /* Main.storyboard */ = {
			isa = PBXVariantGroup;
			children = (
				EC755EFB20A1B03600AE8EAE /* Base */,
			);
			name = Main.storyboard;
			sourceTree = "<group>";
		};
/* End PBXVariantGroup section */

/* Begin XCBuildConfiguration section */
		EC755EDA20A1899B00AE8EAE /* Debug */ = {
			isa = XCBuildConfiguration;
			buildSettings = {
				ALWAYS_SEARCH_USER_PATHS = NO;
				CLANG_ANALYZER_NONNULL = YES;
				CLANG_ANALYZER_NUMBER_OBJECT_CONVERSION = YES_AGGRESSIVE;
				CLANG_CXX_LANGUAGE_STANDARD = "gnu++14";
				CLANG_CXX_LIBRARY = "libc++";
				CLANG_ENABLE_MODULES = YES;
				CLANG_ENABLE_OBJC_ARC = YES;
				CLANG_WARN_BLOCK_CAPTURE_AUTORELEASING = YES;
				CLANG_WARN_BOOL_CONVERSION = YES;
				CLANG_WARN_COMMA = YES;
				CLANG_WARN_CONSTANT_CONVERSION = YES;
				CLANG_WARN_DIRECT_OBJC_ISA_USAGE = YES_ERROR;
				CLANG_WARN_DOCUMENTATION_COMMENTS = YES;
				CLANG_WARN_EMPTY_BODY = YES;
				CLANG_WARN_ENUM_CONVERSION = YES;
				CLANG_WARN_INFINITE_RECURSION = YES;
				CLANG_WARN_INT_CONVERSION = YES;
				CLANG_WARN_NON_LITERAL_NULL_CONVERSION = YES;
				CLANG_WARN_OBJC_LITERAL_CONVERSION = YES;
				CLANG_WARN_OBJC_ROOT_CLASS = YES_ERROR;
				CLANG_WARN_RANGE_LOOP_ANALYSIS = YES;
				CLANG_WARN_STRICT_PROTOTYPES = YES;
				CLANG_WARN_SUSPICIOUS_MOVE = YES;
				CLANG_WARN_UNGUARDED_AVAILABILITY = YES_AGGRESSIVE;
				CLANG_WARN_UNREACHABLE_CODE = YES;
				CLANG_WARN__DUPLICATE_METHOD_MATCH = YES;
				CODE_SIGN_IDENTITY = "iPhone Developer";
				COPY_PHASE_STRIP = NO;
				DEBUG_INFORMATION_FORMAT = dwarf;
				ENABLE_STRICT_OBJC_MSGSEND = YES;
				ENABLE_TESTABILITY = YES;
				GCC_C_LANGUAGE_STANDARD = gnu11;
				GCC_DYNAMIC_NO_PIC = NO;
				GCC_NO_COMMON_BLOCKS = YES;
				GCC_OPTIMIZATION_LEVEL = 0;
				GCC_PREPROCESSOR_DEFINITIONS = (
					"DEBUG=1",
					"$(inherited)",
				);
				GCC_WARN_64_TO_32_BIT_CONVERSION = YES;
				GCC_WARN_ABOUT_RETURN_TYPE = YES_ERROR;
				GCC_WARN_UNDECLARED_SELECTOR = YES;
				GCC_WARN_UNINITIALIZED_AUTOS = YES_AGGRESSIVE;
				GCC_WARN_UNUSED_FUNCTION = YES;
				GCC_WARN_UNUSED_VARIABLE = YES;
				IPHONEOS_DEPLOYMENT_TARGET = 11.0;
				MTL_ENABLE_DEBUG_INFO = YES;
				ONLY_ACTIVE_ARCH = YES;
				SDKROOT = iphoneos;
				SWIFT_ACTIVE_COMPILATION_CONDITIONS = DEBUG;
				SWIFT_OPTIMIZATION_LEVEL = "-Onone";
			};
			name = Debug;
		};
		EC755EDB20A1899B00AE8EAE /* Release */ = {
			isa = XCBuildConfiguration;
			buildSettings = {
				ALWAYS_SEARCH_USER_PATHS = NO;
				CLANG_ANALYZER_NONNULL = YES;
				CLANG_ANALYZER_NUMBER_OBJECT_CONVERSION = YES_AGGRESSIVE;
				CLANG_CXX_LANGUAGE_STANDARD = "gnu++14";
				CLANG_CXX_LIBRARY = "libc++";
				CLANG_ENABLE_MODULES = YES;
				CLANG_ENABLE_OBJC_ARC = YES;
				CLANG_WARN_BLOCK_CAPTURE_AUTORELEASING = YES;
				CLANG_WARN_BOOL_CONVERSION = YES;
				CLANG_WARN_COMMA = YES;
				CLANG_WARN_CONSTANT_CONVERSION = YES;
				CLANG_WARN_DIRECT_OBJC_ISA_USAGE = YES_ERROR;
				CLANG_WARN_DOCUMENTATION_COMMENTS = YES;
				CLANG_WARN_EMPTY_BODY = YES;
				CLANG_WARN_ENUM_CONVERSION = YES;
				CLANG_WARN_INFINITE_RECURSION = YES;
				CLANG_WARN_INT_CONVERSION = YES;
				CLANG_WARN_NON_LITERAL_NULL_CONVERSION = YES;
				CLANG_WARN_OBJC_LITERAL_CONVERSION = YES;
				CLANG_WARN_OBJC_ROOT_CLASS = YES_ERROR;
				CLANG_WARN_RANGE_LOOP_ANALYSIS = YES;
				CLANG_WARN_STRICT_PROTOTYPES = YES;
				CLANG_WARN_SUSPICIOUS_MOVE = YES;
				CLANG_WARN_UNGUARDED_AVAILABILITY = YES_AGGRESSIVE;
				CLANG_WARN_UNREACHABLE_CODE = YES;
				CLANG_WARN__DUPLICATE_METHOD_MATCH = YES;
				CODE_SIGN_IDENTITY = "iPhone Developer";
				COPY_PHASE_STRIP = NO;
				DEBUG_INFORMATION_FORMAT = "dwarf-with-dsym";
				ENABLE_NS_ASSERTIONS = NO;
				ENABLE_STRICT_OBJC_MSGSEND = YES;
				GCC_C_LANGUAGE_STANDARD = gnu11;
				GCC_NO_COMMON_BLOCKS = YES;
				GCC_WARN_64_TO_32_BIT_CONVERSION = YES;
				GCC_WARN_ABOUT_RETURN_TYPE = YES_ERROR;
				GCC_WARN_UNDECLARED_SELECTOR = YES;
				GCC_WARN_UNINITIALIZED_AUTOS = YES_AGGRESSIVE;
				GCC_WARN_UNUSED_FUNCTION = YES;
				GCC_WARN_UNUSED_VARIABLE = YES;
				IPHONEOS_DEPLOYMENT_TARGET = 11.0;
				MTL_ENABLE_DEBUG_INFO = NO;
				SDKROOT = iphoneos;
				SWIFT_OPTIMIZATION_LEVEL = "-Owholemodule";
				VALIDATE_PRODUCT = YES;
			};
			name = Release;
		};
		EC755EDD20A1899B00AE8EAE /* Debug */ = {
			isa = XCBuildConfiguration;
			buildSettings = {
				ASSETCATALOG_COMPILER_APPICON_NAME = AppIcon;
				CODE_SIGN_STYLE = Automatic;
				DEVELOPMENT_TEAM = 63G3T8C3T9;
				FRAMEWORK_SEARCH_PATHS = (
					"$(inherited)",
					"$(PROJECT_DIR)/Carthage/Build/iOS",
				);
				INFOPLIST_FILE = "DotstudioSampleApp-iOS/Info.plist";
				IPHONEOS_DEPLOYMENT_TARGET = 9.2;
				LD_RUNPATH_SEARCH_PATHS = "$(inherited) @executable_path/Frameworks";
				PRODUCT_BUNDLE_IDENTIFIER = com.dotstudioz.UI.DotstudioSampleApp;
				PRODUCT_NAME = DotstudioSampleApp;
				SWIFT_VERSION = 4.0;
				TARGETED_DEVICE_FAMILY = "1,2";
			};
			name = Debug;
		};
		EC755EDE20A1899B00AE8EAE /* Release */ = {
			isa = XCBuildConfiguration;
			buildSettings = {
				ASSETCATALOG_COMPILER_APPICON_NAME = AppIcon;
				CODE_SIGN_STYLE = Automatic;
				DEVELOPMENT_TEAM = 63G3T8C3T9;
				FRAMEWORK_SEARCH_PATHS = (
					"$(inherited)",
					"$(PROJECT_DIR)/Carthage/Build/iOS",
				);
				INFOPLIST_FILE = "DotstudioSampleApp-iOS/Info.plist";
				IPHONEOS_DEPLOYMENT_TARGET = 9.2;
				LD_RUNPATH_SEARCH_PATHS = "$(inherited) @executable_path/Frameworks";
				PRODUCT_BUNDLE_IDENTIFIER = com.dotstudioz.UI.DotstudioSampleApp;
				PRODUCT_NAME = DotstudioSampleApp;
				SWIFT_VERSION = 4.0;
				TARGETED_DEVICE_FAMILY = "1,2";
			};
			name = Release;
		};
		EC755F0120A1B03600AE8EAE /* Debug */ = {
			isa = XCBuildConfiguration;
			buildSettings = {
				ASSETCATALOG_COMPILER_APPICON_NAME = "App Icon & Top Shelf Image";
				ASSETCATALOG_COMPILER_LAUNCHIMAGE_NAME = LaunchImage;
				CODE_SIGN_STYLE = Automatic;
				DEVELOPMENT_TEAM = 63G3T8C3T9;
				FRAMEWORK_SEARCH_PATHS = (
					"$(inherited)",
					"$(PROJECT_DIR)/Carthage/Build/tvOS",
				);
				INFOPLIST_FILE = "DotstudioSampleApp-tvOS/Info.plist";
				LD_RUNPATH_SEARCH_PATHS = "$(inherited) @executable_path/Frameworks";
				PRODUCT_BUNDLE_IDENTIFIER = com.dotstudioz.UI.DotstudioSampleApp;
				PRODUCT_NAME = DotstudioSampleApp;
				SDKROOT = appletvos;
				SWIFT_VERSION = 4.0;
				TARGETED_DEVICE_FAMILY = 3;
				TVOS_DEPLOYMENT_TARGET = 9.2;
			};
			name = Debug;
		};
		EC755F0220A1B03600AE8EAE /* Release */ = {
			isa = XCBuildConfiguration;
			buildSettings = {
				ASSETCATALOG_COMPILER_APPICON_NAME = "App Icon & Top Shelf Image";
				ASSETCATALOG_COMPILER_LAUNCHIMAGE_NAME = LaunchImage;
				CODE_SIGN_STYLE = Automatic;
				DEVELOPMENT_TEAM = 63G3T8C3T9;
				FRAMEWORK_SEARCH_PATHS = (
					"$(inherited)",
					"$(PROJECT_DIR)/Carthage/Build/tvOS",
				);
				INFOPLIST_FILE = "DotstudioSampleApp-tvOS/Info.plist";
				LD_RUNPATH_SEARCH_PATHS = "$(inherited) @executable_path/Frameworks";
				PRODUCT_BUNDLE_IDENTIFIER = com.dotstudioz.UI.DotstudioSampleApp;
				PRODUCT_NAME = DotstudioSampleApp;
				SDKROOT = appletvos;
				SWIFT_VERSION = 4.0;
				TARGETED_DEVICE_FAMILY = 3;
				TVOS_DEPLOYMENT_TARGET = 9.2;
			};
			name = Release;
		};
/* End XCBuildConfiguration section */

/* Begin XCConfigurationList section */
		EC755EC520A1899B00AE8EAE /* Build configuration list for PBXProject "DotstudioSampleApp" */ = {
			isa = XCConfigurationList;
			buildConfigurations = (
				EC755EDA20A1899B00AE8EAE /* Debug */,
				EC755EDB20A1899B00AE8EAE /* Release */,
			);
			defaultConfigurationIsVisible = 0;
			defaultConfigurationName = Release;
		};
		EC755EDC20A1899B00AE8EAE /* Build configuration list for PBXNativeTarget "DotstudioSampleApp-iOS" */ = {
			isa = XCConfigurationList;
			buildConfigurations = (
				EC755EDD20A1899B00AE8EAE /* Debug */,
				EC755EDE20A1899B00AE8EAE /* Release */,
			);
			defaultConfigurationIsVisible = 0;
			defaultConfigurationName = Release;
		};
		EC755F0020A1B03600AE8EAE /* Build configuration list for PBXNativeTarget "DotstudioSampleApp-tvOS" */ = {
			isa = XCConfigurationList;
			buildConfigurations = (
				EC755F0120A1B03600AE8EAE /* Debug */,
				EC755F0220A1B03600AE8EAE /* Release */,
			);
			defaultConfigurationIsVisible = 0;
			defaultConfigurationName = Release;
		};
/* End XCConfigurationList section */
	};
	rootObject = EC755EC220A1899B00AE8EAE /* Project object */;
}
